
Microsoft Visual Studio Solution File, Format Version 12.00
# Visual Studio Version 17
VisualStudioVersion = 17.3.32819.101
MinimumVisualStudioVersion = 10.0.40219.1
Project("{FAE04EC0-301F-11D3-BF4B-00C04F79EFBC}") = "Kino.Presentation.WebApi", "Kino.Presentation.WebApi\Kino.Presentation.WebApi.csproj", "{05FBC0E0-15FB-4919-98FA-11D44D1B5631}"
EndProject
Global
	GlobalSection(SolutionConfigurationPlatforms) = preSolution
		Debug|Any CPU = Debug|Any CPU
		Release|Any CPU = Release|Any CPU
	EndGlobalSection
	GlobalSection(ProjectConfigurationPlatforms) = postSolution
		{05FBC0E0-15FB-4919-98FA-11D44D1B5631}.Debug|Any CPU.ActiveCfg = Debug|Any CPU
		{05FBC0E0-15FB-4919-98FA-11D44D1B5631}.Debug|Any CPU.Build.0 = Debug|Any CPU
		{05FBC0E0-15FB-4919-98FA-11D44D1B5631}.Release|Any CPU.ActiveCfg = Release|Any CPU
		{05FBC0E0-15FB-4919-98FA-11D44D1B5631}.Release|Any CPU.Build.0 = Release|Any CPU
	EndGlobalSection
	GlobalSection(SolutionProperties) = preSolution
		HideSolutionNode = FALSE
	EndGlobalSection
	GlobalSection(ExtensibilityGlobals) = postSolution
		SolutionGuid = {3D5B2A1B-1F73-4F84-85FA-7436B8947CFE}
	EndGlobalSection
EndGlobal
